// !$*UTF8*$!
{
	archiveVersion = 1;
	classes = {
	};
	objectVersion = 50;
	objects = {

/* Begin PBXBuildFile section */
		BB46D2B025B856B9003AD167 /* AppDelegate.swift in Sources */ = {isa = PBXBuildFile; fileRef = BB46D2AF25B856B9003AD167 /* AppDelegate.swift */; };
		BB46D2B225B856B9003AD167 /* SceneDelegate.swift in Sources */ = {isa = PBXBuildFile; fileRef = BB46D2B125B856B9003AD167 /* SceneDelegate.swift */; };
		BB46D2B925B856BC003AD167 /* Assets.xcassets in Resources */ = {isa = PBXBuildFile; fileRef = BB46D2B825B856BC003AD167 /* Assets.xcassets */; };
		BB46D2BC25B856BC003AD167 /* LaunchScreen.storyboard in Resources */ = {isa = PBXBuildFile; fileRef = BB46D2BA25B856BC003AD167 /* LaunchScreen.storyboard */; };
		BB49DEAD272C162E00CD26A2 /* ChooseDoctorByProfession.swift in Sources */ = {isa = PBXBuildFile; fileRef = BB49DEAC272C162E00CD26A2 /* ChooseDoctorByProfession.swift */; };
		BB49DEB3272C378F00CD26A2 /* DoctorInformationView.swift in Sources */ = {isa = PBXBuildFile; fileRef = BB49DEB2272C378F00CD26A2 /* DoctorInformationView.swift */; };
		BB49DEB62731246100CD26A2 /* CalendarViewCell.swift in Sources */ = {isa = PBXBuildFile; fileRef = BB49DEB42731246100CD26A2 /* CalendarViewCell.swift */; };
		BB49DEBA2735053000CD26A2 /* TimeViewCell.swift in Sources */ = {isa = PBXBuildFile; fileRef = BB49DEB82735053000CD26A2 /* TimeViewCell.swift */; };
		BB49DEBD2739527E00CD26A2 /* MakeAppointmentController.swift in Sources */ = {isa = PBXBuildFile; fileRef = BB49DEBC2739527E00CD26A2 /* MakeAppointmentController.swift */; };
		BB49DEBF273A601300CD26A2 /* DateRecordChoiceController.swift in Sources */ = {isa = PBXBuildFile; fileRef = BB49DEBE273A601300CD26A2 /* DateRecordChoiceController.swift */; };
		BB49DEC3273A66DF00CD26A2 /* ChoiceDateView.swift in Sources */ = {isa = PBXBuildFile; fileRef = BB49DEC2273A66DF00CD26A2 /* ChoiceDateView.swift */; };
		BB49DEC7273BF84200CD26A2 /* RecordInformationView.swift in Sources */ = {isa = PBXBuildFile; fileRef = BB49DEC6273BF84200CD26A2 /* RecordInformationView.swift */; };
		BB49DEC9273C0EFC00CD26A2 /* ContactInformationView.swift in Sources */ = {isa = PBXBuildFile; fileRef = BB49DEC8273C0EFB00CD26A2 /* ContactInformationView.swift */; };
		BB49DECD2743911F00CD26A2 /* ClinicViewCell.swift in Sources */ = {isa = PBXBuildFile; fileRef = BB49DECB2743911F00CD26A2 /* ClinicViewCell.swift */; };
		BB49DED32743F04900CD26A2 /* ServiceController.swift in Sources */ = {isa = PBXBuildFile; fileRef = BB49DED22743F04900CD26A2 /* ServiceController.swift */; };
		BB49DED82745381600CD26A2 /* ServiceViewCell.swift in Sources */ = {isa = PBXBuildFile; fileRef = BB49DED62745381600CD26A2 /* ServiceViewCell.swift */; };
		BB49DEDB2746397500CD26A2 /* SubServiceController.swift in Sources */ = {isa = PBXBuildFile; fileRef = BB49DEDA2746397500CD26A2 /* SubServiceController.swift */; };
		BB49DEDE2746999F00CD26A2 /* SubServiceViewCell.swift in Sources */ = {isa = PBXBuildFile; fileRef = BB49DEDC2746999F00CD26A2 /* SubServiceViewCell.swift */; };
		BB49DEE5274BB72A00CD26A2 /* ServiceCardView.swift in Sources */ = {isa = PBXBuildFile; fileRef = BB49DEE4274BB72900CD26A2 /* ServiceCardView.swift */; };
		BB49DEE7274BE30E00CD26A2 /* ServiceCardController.swift in Sources */ = {isa = PBXBuildFile; fileRef = BB49DEE6274BE30E00CD26A2 /* ServiceCardController.swift */; };
		BB49DEEB274CDE1100CD26A2 /* ProfileController.swift in Sources */ = {isa = PBXBuildFile; fileRef = BB49DEEA274CDE1100CD26A2 /* ProfileController.swift */; };
		BB49DEED274D0C6500CD26A2 /* RegistrationView.swift in Sources */ = {isa = PBXBuildFile; fileRef = BB49DEEC274D0C6500CD26A2 /* RegistrationView.swift */; };
		BB49DEF0274FBAC400CD26A2 /* LoginController.swift in Sources */ = {isa = PBXBuildFile; fileRef = BB49DEEF274FBAC300CD26A2 /* LoginController.swift */; };
		BB49DEF42751153600CD26A2 /* LoginView.swift in Sources */ = {isa = PBXBuildFile; fileRef = BB49DEF32751153600CD26A2 /* LoginView.swift */; };
		BB49DEF82757972800CD26A2 /* DatabaseService.swift in Sources */ = {isa = PBXBuildFile; fileRef = BB49DEF72757972800CD26A2 /* DatabaseService.swift */; };
		BB4ABFF82715BE49008D05F8 /* Model.swift in Sources */ = {isa = PBXBuildFile; fileRef = BB4ABFF72715BE49008D05F8 /* Model.swift */; };
		BB4AC0082716D552008D05F8 /* RecordController.swift in Sources */ = {isa = PBXBuildFile; fileRef = BB4AC0072716D552008D05F8 /* RecordController.swift */; };
		BB50D65927AC15C6003BE5D3 /* DoctorViewCell.swift in Sources */ = {isa = PBXBuildFile; fileRef = BB50D65727AC15C6003BE5D3 /* DoctorViewCell.swift */; };
		BB50D65C27AC20D2003BE5D3 /* Doctor.swift in Sources */ = {isa = PBXBuildFile; fileRef = BB50D65B27AC20D2003BE5D3 /* Doctor.swift */; };
		BB552DFE2721A563001F605A /* ClinicsController.swift in Sources */ = {isa = PBXBuildFile; fileRef = BB552DFD2721A563001F605A /* ClinicsController.swift */; };
		BB552E002721AA1F001F605A /* TabBarController.swift in Sources */ = {isa = PBXBuildFile; fileRef = BB552DFF2721AA1F001F605A /* TabBarController.swift */; };
		BB66452A29966307006F4F2E /* JsonHelper.swift in Sources */ = {isa = PBXBuildFile; fileRef = BB66452929966307006F4F2E /* JsonHelper.swift */; };
		BB66452C2996666F006F4F2E /* NetworkService.swift in Sources */ = {isa = PBXBuildFile; fileRef = BB66452B2996666F006F4F2E /* NetworkService.swift */; };
		BB66452E2996678B006F4F2E /* NetworkConfiguration.swift in Sources */ = {isa = PBXBuildFile; fileRef = BB66452D2996678B006F4F2E /* NetworkConfiguration.swift */; };
		BB664530299B6F3E006F4F2E /* Error.swift in Sources */ = {isa = PBXBuildFile; fileRef = BB66452F299B6F3E006F4F2E /* Error.swift */; };
		BB66455A299CC95E006F4F2E /* ContainerSideMenu.swift in Sources */ = {isa = PBXBuildFile; fileRef = BB664559299CC95E006F4F2E /* ContainerSideMenu.swift */; };
		BB66455C299CC99F006F4F2E /* MenuViewController.swift in Sources */ = {isa = PBXBuildFile; fileRef = BB66455B299CC99F006F4F2E /* MenuViewController.swift */; };
		BB8A54ED2726AC9500FB8941 /* ProfessionViewCell.swift in Sources */ = {isa = PBXBuildFile; fileRef = BB8A54EB2726AC9500FB8941 /* ProfessionViewCell.swift */; };
		BBD920D62670A312000073FC /* Model.xcdatamodeld in Sources */ = {isa = PBXBuildFile; fileRef = BBD920D42670A312000073FC /* Model.xcdatamodeld */; };
		BBE91CAE2758BE7B00DBA81E /* ProfileView.swift in Sources */ = {isa = PBXBuildFile; fileRef = BBE91CAD2758BE7B00DBA81E /* ProfileView.swift */; };
		BBE91CB3275E4E3800DBA81E /* VisitsController.swift in Sources */ = {isa = PBXBuildFile; fileRef = BBE91CB2275E4E3800DBA81E /* VisitsController.swift */; };
		BBE91CB8275E579E00DBA81E /* MenuListViewCell.swift in Sources */ = {isa = PBXBuildFile; fileRef = BBE91CB6275E579E00DBA81E /* MenuListViewCell.swift */; };
		BBE91CBC275F9C2200DBA81E /* VisitCardViewCell.swift in Sources */ = {isa = PBXBuildFile; fileRef = BBE91CBA275F9C2200DBA81E /* VisitCardViewCell.swift */; };
		BBF5F37F265E7F4F00BF1F66 /* Extensions.swift in Sources */ = {isa = PBXBuildFile; fileRef = BBF5F37E265E7F4F00BF1F66 /* Extensions.swift */; };
/* End PBXBuildFile section */

/* Begin PBXFileReference section */
		BB46D2AC25B856B9003AD167 /* rnova.app */ = {isa = PBXFileReference; explicitFileType = wrapper.application; includeInIndex = 0; path = rnova.app; sourceTree = BUILT_PRODUCTS_DIR; };
		BB46D2AF25B856B9003AD167 /* AppDelegate.swift */ = {isa = PBXFileReference; lastKnownFileType = sourcecode.swift; path = AppDelegate.swift; sourceTree = "<group>"; };
		BB46D2B125B856B9003AD167 /* SceneDelegate.swift */ = {isa = PBXFileReference; lastKnownFileType = sourcecode.swift; path = SceneDelegate.swift; sourceTree = "<group>"; };
		BB46D2B825B856BC003AD167 /* Assets.xcassets */ = {isa = PBXFileReference; lastKnownFileType = folder.assetcatalog; path = Assets.xcassets; sourceTree = "<group>"; };
		BB46D2BB25B856BC003AD167 /* Base */ = {isa = PBXFileReference; lastKnownFileType = file.storyboard; name = Base; path = Base.lproj/LaunchScreen.storyboard; sourceTree = "<group>"; };
		BB46D2BD25B856BC003AD167 /* Info.plist */ = {isa = PBXFileReference; lastKnownFileType = text.plist.xml; path = Info.plist; sourceTree = "<group>"; };
		BB49DEAC272C162E00CD26A2 /* ChooseDoctorByProfession.swift */ = {isa = PBXFileReference; lastKnownFileType = sourcecode.swift; path = ChooseDoctorByProfession.swift; sourceTree = "<group>"; };
		BB49DEB2272C378F00CD26A2 /* DoctorInformationView.swift */ = {isa = PBXFileReference; lastKnownFileType = sourcecode.swift; path = DoctorInformationView.swift; sourceTree = "<group>"; };
		BB49DEB42731246100CD26A2 /* CalendarViewCell.swift */ = {isa = PBXFileReference; lastKnownFileType = sourcecode.swift; path = CalendarViewCell.swift; sourceTree = "<group>"; };
		BB49DEB82735053000CD26A2 /* TimeViewCell.swift */ = {isa = PBXFileReference; lastKnownFileType = sourcecode.swift; path = TimeViewCell.swift; sourceTree = "<group>"; };
		BB49DEBC2739527E00CD26A2 /* MakeAppointmentController.swift */ = {isa = PBXFileReference; lastKnownFileType = sourcecode.swift; path = MakeAppointmentController.swift; sourceTree = "<group>"; };
		BB49DEBE273A601300CD26A2 /* DateRecordChoiceController.swift */ = {isa = PBXFileReference; lastKnownFileType = sourcecode.swift; path = DateRecordChoiceController.swift; sourceTree = "<group>"; };
		BB49DEC2273A66DF00CD26A2 /* ChoiceDateView.swift */ = {isa = PBXFileReference; lastKnownFileType = sourcecode.swift; path = ChoiceDateView.swift; sourceTree = "<group>"; };
		BB49DEC6273BF84200CD26A2 /* RecordInformationView.swift */ = {isa = PBXFileReference; lastKnownFileType = sourcecode.swift; path = RecordInformationView.swift; sourceTree = "<group>"; };
		BB49DEC8273C0EFB00CD26A2 /* ContactInformationView.swift */ = {isa = PBXFileReference; lastKnownFileType = sourcecode.swift; path = ContactInformationView.swift; sourceTree = "<group>"; };
		BB49DECB2743911F00CD26A2 /* ClinicViewCell.swift */ = {isa = PBXFileReference; lastKnownFileType = sourcecode.swift; path = ClinicViewCell.swift; sourceTree = "<group>"; };
		BB49DED22743F04900CD26A2 /* ServiceController.swift */ = {isa = PBXFileReference; lastKnownFileType = sourcecode.swift; path = ServiceController.swift; sourceTree = "<group>"; };
		BB49DED62745381600CD26A2 /* ServiceViewCell.swift */ = {isa = PBXFileReference; lastKnownFileType = sourcecode.swift; path = ServiceViewCell.swift; sourceTree = "<group>"; };
		BB49DEDA2746397500CD26A2 /* SubServiceController.swift */ = {isa = PBXFileReference; lastKnownFileType = sourcecode.swift; path = SubServiceController.swift; sourceTree = "<group>"; };
		BB49DEDC2746999F00CD26A2 /* SubServiceViewCell.swift */ = {isa = PBXFileReference; lastKnownFileType = sourcecode.swift; path = SubServiceViewCell.swift; sourceTree = "<group>"; };
		BB49DEE4274BB72900CD26A2 /* ServiceCardView.swift */ = {isa = PBXFileReference; lastKnownFileType = sourcecode.swift; path = ServiceCardView.swift; sourceTree = "<group>"; };
		BB49DEE6274BE30E00CD26A2 /* ServiceCardController.swift */ = {isa = PBXFileReference; lastKnownFileType = sourcecode.swift; path = ServiceCardController.swift; sourceTree = "<group>"; };
		BB49DEEA274CDE1100CD26A2 /* ProfileController.swift */ = {isa = PBXFileReference; lastKnownFileType = sourcecode.swift; path = ProfileController.swift; sourceTree = "<group>"; };
		BB49DEEC274D0C6500CD26A2 /* RegistrationView.swift */ = {isa = PBXFileReference; lastKnownFileType = sourcecode.swift; path = RegistrationView.swift; sourceTree = "<group>"; };
		BB49DEEF274FBAC300CD26A2 /* LoginController.swift */ = {isa = PBXFileReference; lastKnownFileType = sourcecode.swift; path = LoginController.swift; sourceTree = "<group>"; };
		BB49DEF32751153600CD26A2 /* LoginView.swift */ = {isa = PBXFileReference; lastKnownFileType = sourcecode.swift; path = LoginView.swift; sourceTree = "<group>"; };
		BB49DEF72757972800CD26A2 /* DatabaseService.swift */ = {isa = PBXFileReference; lastKnownFileType = sourcecode.swift; path = DatabaseService.swift; sourceTree = "<group>"; };
		BB4ABFF72715BE49008D05F8 /* Model.swift */ = {isa = PBXFileReference; lastKnownFileType = sourcecode.swift; path = Model.swift; sourceTree = "<group>"; };
		BB4AC0072716D552008D05F8 /* RecordController.swift */ = {isa = PBXFileReference; lastKnownFileType = sourcecode.swift; path = RecordController.swift; sourceTree = "<group>"; };
		BB50D65727AC15C6003BE5D3 /* DoctorViewCell.swift */ = {isa = PBXFileReference; lastKnownFileType = sourcecode.swift; path = DoctorViewCell.swift; sourceTree = "<group>"; };
		BB50D65B27AC20D2003BE5D3 /* Doctor.swift */ = {isa = PBXFileReference; lastKnownFileType = sourcecode.swift; path = Doctor.swift; sourceTree = "<group>"; };
		BB552DFD2721A563001F605A /* ClinicsController.swift */ = {isa = PBXFileReference; lastKnownFileType = sourcecode.swift; path = ClinicsController.swift; sourceTree = "<group>"; };
		BB552DFF2721AA1F001F605A /* TabBarController.swift */ = {isa = PBXFileReference; lastKnownFileType = sourcecode.swift; path = TabBarController.swift; sourceTree = "<group>"; };
		BB66452929966307006F4F2E /* JsonHelper.swift */ = {isa = PBXFileReference; lastKnownFileType = sourcecode.swift; path = JsonHelper.swift; sourceTree = "<group>"; };
		BB66452B2996666F006F4F2E /* NetworkService.swift */ = {isa = PBXFileReference; lastKnownFileType = sourcecode.swift; path = NetworkService.swift; sourceTree = "<group>"; };
		BB66452D2996678B006F4F2E /* NetworkConfiguration.swift */ = {isa = PBXFileReference; lastKnownFileType = sourcecode.swift; path = NetworkConfiguration.swift; sourceTree = "<group>"; };
		BB66452F299B6F3E006F4F2E /* Error.swift */ = {isa = PBXFileReference; lastKnownFileType = sourcecode.swift; path = Error.swift; sourceTree = "<group>"; };
		BB664559299CC95E006F4F2E /* ContainerSideMenu.swift */ = {isa = PBXFileReference; lastKnownFileType = sourcecode.swift; path = ContainerSideMenu.swift; sourceTree = "<group>"; };
		BB66455B299CC99F006F4F2E /* MenuViewController.swift */ = {isa = PBXFileReference; lastKnownFileType = sourcecode.swift; path = MenuViewController.swift; sourceTree = "<group>"; };
		BB8A54EB2726AC9500FB8941 /* ProfessionViewCell.swift */ = {isa = PBXFileReference; lastKnownFileType = sourcecode.swift; path = ProfessionViewCell.swift; sourceTree = "<group>"; };
		BBD920D52670A312000073FC /* Model.xcdatamodel */ = {isa = PBXFileReference; lastKnownFileType = wrapper.xcdatamodel; path = Model.xcdatamodel; sourceTree = "<group>"; };
		BBE91CAD2758BE7B00DBA81E /* ProfileView.swift */ = {isa = PBXFileReference; lastKnownFileType = sourcecode.swift; path = ProfileView.swift; sourceTree = "<group>"; };
		BBE91CB2275E4E3800DBA81E /* VisitsController.swift */ = {isa = PBXFileReference; lastKnownFileType = sourcecode.swift; path = VisitsController.swift; sourceTree = "<group>"; };
		BBE91CB6275E579E00DBA81E /* MenuListViewCell.swift */ = {isa = PBXFileReference; lastKnownFileType = sourcecode.swift; path = MenuListViewCell.swift; sourceTree = "<group>"; };
		BBE91CBA275F9C2200DBA81E /* VisitCardViewCell.swift */ = {isa = PBXFileReference; lastKnownFileType = sourcecode.swift; path = VisitCardViewCell.swift; sourceTree = "<group>"; };
		BBF5F37E265E7F4F00BF1F66 /* Extensions.swift */ = {isa = PBXFileReference; lastKnownFileType = sourcecode.swift; path = Extensions.swift; sourceTree = "<group>"; };
/* End PBXFileReference section */

/* Begin PBXFrameworksBuildPhase section */
		BB46D2A925B856B9003AD167 /* Frameworks */ = {
			isa = PBXFrameworksBuildPhase;
			buildActionMask = 2147483647;
			files = (
			);
			runOnlyForDeploymentPostprocessing = 0;
		};
/* End PBXFrameworksBuildPhase section */

/* Begin PBXGroup section */
		BB46D2A325B856B9003AD167 = {
			isa = PBXGroup;
			children = (
				BBD920D42670A312000073FC /* Model.xcdatamodeld */,
				BB46D2AE25B856B9003AD167 /* rnova */,
				BB46D2AD25B856B9003AD167 /* Products */,
			);
			sourceTree = "<group>";
		};
		BB46D2AD25B856B9003AD167 /* Products */ = {
			isa = PBXGroup;
			children = (
				BB46D2AC25B856B9003AD167 /* rnova.app */,
			);
			name = Products;
			sourceTree = "<group>";
		};
		BB46D2AE25B856B9003AD167 /* rnova */ = {
			isa = PBXGroup;
			children = (
				BB66452729965E7D006F4F2E /* App */,
				BB66452829965F27006F4F2E /* API */,
				BB4ABFF62715BDDF008D05F8 /* Controller */,
				BB4ABFF52715BDD7008D05F8 /* View */,
				BB4ABFF42715BDCB008D05F8 /* Model */,
				BBF5F37D265E7F2E00BF1F66 /* Utilies */,
				BB46D2BD25B856BC003AD167 /* Info.plist */,
			);
			path = rnova;
			sourceTree = "<group>";
		};
		BB49DECA27438F8B00CD26A2 /* Clinic */ = {
			isa = PBXGroup;
			children = (
				BB552DFD2721A563001F605A /* ClinicsController.swift */,
			);
			path = Clinic;
			sourceTree = "<group>";
		};
		BB49DECF2743F00100CD26A2 /* Service */ = {
			isa = PBXGroup;
			children = (
				BB49DED22743F04900CD26A2 /* ServiceController.swift */,
				BB49DEDA2746397500CD26A2 /* SubServiceController.swift */,
				BB49DEE6274BE30E00CD26A2 /* ServiceCardController.swift */,
			);
			path = Service;
			sourceTree = "<group>";
		};
		BB49DEE9274CDDD800CD26A2 /* Profile */ = {
			isa = PBXGroup;
			children = (
				BB49DEEA274CDE1100CD26A2 /* ProfileController.swift */,
				BB49DEEF274FBAC300CD26A2 /* LoginController.swift */,
				BBE91CB2275E4E3800DBA81E /* VisitsController.swift */,
			);
			path = Profile;
			sourceTree = "<group>";
		};
		BB4ABFF42715BDCB008D05F8 /* Model */ = {
			isa = PBXGroup;
			children = (
				BB4ABFF72715BE49008D05F8 /* Model.swift */,
				BB50D65B27AC20D2003BE5D3 /* Doctor.swift */,
				BB66452F299B6F3E006F4F2E /* Error.swift */,
			);
			path = Model;
			sourceTree = "<group>";
		};
		BB4ABFF52715BDD7008D05F8 /* View */ = {
			isa = PBXGroup;
			children = (
				BB4ABFFC2715DA0F008D05F8 /* Record */,
				BB4ABFFD2715DA27008D05F8 /* Clinic */,
				BB4ABFFE2715DA39008D05F8 /* Service */,
				BB4ABFFF2715DA46008D05F8 /* Profile */,
			);
			path = View;
			sourceTree = "<group>";
		};
		BB4ABFF62715BDDF008D05F8 /* Controller */ = {
			isa = PBXGroup;
			children = (
				BB664558299CC937006F4F2E /* SideMenu */,
				BB4AC0062716D529008D05F8 /* Record */,
				BB49DECA27438F8B00CD26A2 /* Clinic */,
				BB49DECF2743F00100CD26A2 /* Service */,
				BB49DEE9274CDDD800CD26A2 /* Profile */,
				BB552DFF2721AA1F001F605A /* TabBarController.swift */,
			);
			path = Controller;
			sourceTree = "<group>";
		};
		BB4ABFFC2715DA0F008D05F8 /* Record */ = {
			isa = PBXGroup;
			children = (
				BB50D65727AC15C6003BE5D3 /* DoctorViewCell.swift */,
				BB8A54EB2726AC9500FB8941 /* ProfessionViewCell.swift */,
				BB49DEB2272C378F00CD26A2 /* DoctorInformationView.swift */,
				BB49DEB42731246100CD26A2 /* CalendarViewCell.swift */,
				BB49DEB82735053000CD26A2 /* TimeViewCell.swift */,
				BB49DEC2273A66DF00CD26A2 /* ChoiceDateView.swift */,
				BB49DEC6273BF84200CD26A2 /* RecordInformationView.swift */,
				BB49DEC8273C0EFB00CD26A2 /* ContactInformationView.swift */,
			);
			path = Record;
			sourceTree = "<group>";
		};
		BB4ABFFD2715DA27008D05F8 /* Clinic */ = {
			isa = PBXGroup;
			children = (
				BB49DECB2743911F00CD26A2 /* ClinicViewCell.swift */,
			);
			path = Clinic;
			sourceTree = "<group>";
		};
		BB4ABFFE2715DA39008D05F8 /* Service */ = {
			isa = PBXGroup;
			children = (
				BB49DED62745381600CD26A2 /* ServiceViewCell.swift */,
				BB49DEDC2746999F00CD26A2 /* SubServiceViewCell.swift */,
				BB49DEE4274BB72900CD26A2 /* ServiceCardView.swift */,
			);
			path = Service;
			sourceTree = "<group>";
		};
		BB4ABFFF2715DA46008D05F8 /* Profile */ = {
			isa = PBXGroup;
			children = (
				BB49DEEC274D0C6500CD26A2 /* RegistrationView.swift */,
				BB49DEF32751153600CD26A2 /* LoginView.swift */,
				BBE91CAD2758BE7B00DBA81E /* ProfileView.swift */,
				BBE91CB6275E579E00DBA81E /* MenuListViewCell.swift */,
				BBE91CBA275F9C2200DBA81E /* VisitCardViewCell.swift */,
			);
			path = Profile;
			sourceTree = "<group>";
		};
		BB4AC0062716D529008D05F8 /* Record */ = {
			isa = PBXGroup;
			children = (
				BB4AC0072716D552008D05F8 /* RecordController.swift */,
				BB49DEAC272C162E00CD26A2 /* ChooseDoctorByProfession.swift */,
				BB49DEBC2739527E00CD26A2 /* MakeAppointmentController.swift */,
				BB49DEBE273A601300CD26A2 /* DateRecordChoiceController.swift */,
			);
			path = Record;
			sourceTree = "<group>";
		};
		BB66452729965E7D006F4F2E /* App */ = {
			isa = PBXGroup;
			children = (
				BB46D2BA25B856BC003AD167 /* LaunchScreen.storyboard */,
				BB46D2B825B856BC003AD167 /* Assets.xcassets */,
				BB46D2AF25B856B9003AD167 /* AppDelegate.swift */,
				BB46D2B125B856B9003AD167 /* SceneDelegate.swift */,
			);
			path = App;
			sourceTree = "<group>";
		};
		BB66452829965F27006F4F2E /* API */ = {
			isa = PBXGroup;
			children = (
				BB49DEF72757972800CD26A2 /* DatabaseService.swift */,
				BB66452B2996666F006F4F2E /* NetworkService.swift */,
				BB66452D2996678B006F4F2E /* NetworkConfiguration.swift */,
			);
			path = API;
			sourceTree = "<group>";
		};
		BB664558299CC937006F4F2E /* SideMenu */ = {
			isa = PBXGroup;
			children = (
				BB664559299CC95E006F4F2E /* ContainerSideMenu.swift */,
				BB66455B299CC99F006F4F2E /* MenuViewController.swift */,
			);
			path = SideMenu;
			sourceTree = "<group>";
		};
		BBF5F37D265E7F2E00BF1F66 /* Utilies */ = {
			isa = PBXGroup;
			children = (
				BBF5F37E265E7F4F00BF1F66 /* Extensions.swift */,
				BB66452929966307006F4F2E /* JsonHelper.swift */,
			);
			path = Utilies;
			sourceTree = "<group>";
		};
/* End PBXGroup section */

/* Begin PBXNativeTarget section */
		BB46D2AB25B856B9003AD167 /* rnova */ = {
			isa = PBXNativeTarget;
			buildConfigurationList = BB46D2C025B856BC003AD167 /* Build configuration list for PBXNativeTarget "rnova" */;
			buildPhases = (
				BB46D2A825B856B9003AD167 /* Sources */,
				BB46D2A925B856B9003AD167 /* Frameworks */,
				BB46D2AA25B856B9003AD167 /* Resources */,
			);
			buildRules = (
			);
			dependencies = (
			);
			name = rnova;
			productName = rnova;
			productReference = BB46D2AC25B856B9003AD167 /* rnova.app */;
			productType = "com.apple.product-type.application";
		};
/* End PBXNativeTarget section */

/* Begin PBXProject section */
		BB46D2A425B856B9003AD167 /* Project object */ = {
			isa = PBXProject;
			attributes = {
				LastSwiftUpdateCheck = 1220;
				LastUpgradeCheck = 1220;
				TargetAttributes = {
					BB46D2AB25B856B9003AD167 = {
						CreatedOnToolsVersion = 12.2;
					};
				};
			};
			buildConfigurationList = BB46D2A725B856B9003AD167 /* Build configuration list for PBXProject "rnova" */;
			compatibilityVersion = "Xcode 9.3";
			developmentRegion = en;
			hasScannedForEncodings = 0;
			knownRegions = (
				en,
				Base,
			);
			mainGroup = BB46D2A325B856B9003AD167;
			productRefGroup = BB46D2AD25B856B9003AD167 /* Products */;
			projectDirPath = "";
			projectRoot = "";
			targets = (
				BB46D2AB25B856B9003AD167 /* rnova */,
			);
		};
/* End PBXProject section */

/* Begin PBXResourcesBuildPhase section */
		BB46D2AA25B856B9003AD167 /* Resources */ = {
			isa = PBXResourcesBuildPhase;
			buildActionMask = 2147483647;
			files = (
				BB46D2BC25B856BC003AD167 /* LaunchScreen.storyboard in Resources */,
				BB46D2B925B856BC003AD167 /* Assets.xcassets in Resources */,
			);
			runOnlyForDeploymentPostprocessing = 0;
		};
/* End PBXResourcesBuildPhase section */

/* Begin PBXSourcesBuildPhase section */
		BB46D2A825B856B9003AD167 /* Sources */ = {
			isa = PBXSourcesBuildPhase;
			buildActionMask = 2147483647;
			files = (
				BB49DEB62731246100CD26A2 /* CalendarViewCell.swift in Sources */,
				BBE91CBC275F9C2200DBA81E /* VisitCardViewCell.swift in Sources */,
				BB49DED82745381600CD26A2 /* ServiceViewCell.swift in Sources */,
				BB49DEE5274BB72A00CD26A2 /* ServiceCardView.swift in Sources */,
				BB49DEC3273A66DF00CD26A2 /* ChoiceDateView.swift in Sources */,
				BB46D2B025B856B9003AD167 /* AppDelegate.swift in Sources */,
				BB49DEF42751153600CD26A2 /* LoginView.swift in Sources */,
				BBF5F37F265E7F4F00BF1F66 /* Extensions.swift in Sources */,
				BB49DEBD2739527E00CD26A2 /* MakeAppointmentController.swift in Sources */,
				BB50D65927AC15C6003BE5D3 /* DoctorViewCell.swift in Sources */,
				BB66452E2996678B006F4F2E /* NetworkConfiguration.swift in Sources */,
				BB49DEC9273C0EFC00CD26A2 /* ContactInformationView.swift in Sources */,
				BB49DEE7274BE30E00CD26A2 /* ServiceCardController.swift in Sources */,
				BB49DEBA2735053000CD26A2 /* TimeViewCell.swift in Sources */,
				BB66455C299CC99F006F4F2E /* MenuViewController.swift in Sources */,
				BB49DEDB2746397500CD26A2 /* SubServiceController.swift in Sources */,
				BB50D65C27AC20D2003BE5D3 /* Doctor.swift in Sources */,
				BB49DEC7273BF84200CD26A2 /* RecordInformationView.swift in Sources */,
				BB552DFE2721A563001F605A /* ClinicsController.swift in Sources */,
				BB552E002721AA1F001F605A /* TabBarController.swift in Sources */,
				BB49DEB3272C378F00CD26A2 /* DoctorInformationView.swift in Sources */,
				BBE91CAE2758BE7B00DBA81E /* ProfileView.swift in Sources */,
				BB49DEF0274FBAC400CD26A2 /* LoginController.swift in Sources */,
				BB49DEDE2746999F00CD26A2 /* SubServiceViewCell.swift in Sources */,
				BB49DEBF273A601300CD26A2 /* DateRecordChoiceController.swift in Sources */,
				BB49DECD2743911F00CD26A2 /* ClinicViewCell.swift in Sources */,
				BB66452C2996666F006F4F2E /* NetworkService.swift in Sources */,
				BB8A54ED2726AC9500FB8941 /* ProfessionViewCell.swift in Sources */,
				BB49DEEB274CDE1100CD26A2 /* ProfileController.swift in Sources */,
				BB4AC0082716D552008D05F8 /* RecordController.swift in Sources */,
				BBE91CB8275E579E00DBA81E /* MenuListViewCell.swift in Sources */,
				BB49DEED274D0C6500CD26A2 /* RegistrationView.swift in Sources */,
				BBD920D62670A312000073FC /* Model.xcdatamodeld in Sources */,
				BB4ABFF82715BE49008D05F8 /* Model.swift in Sources */,
				BB49DEAD272C162E00CD26A2 /* ChooseDoctorByProfession.swift in Sources */,
				BBE91CB3275E4E3800DBA81E /* VisitsController.swift in Sources */,
				BB66452A29966307006F4F2E /* JsonHelper.swift in Sources */,
				BB46D2B225B856B9003AD167 /* SceneDelegate.swift in Sources */,
				BB49DEF82757972800CD26A2 /* DatabaseService.swift in Sources */,
				BB66455A299CC95E006F4F2E /* ContainerSideMenu.swift in Sources */,
				BB664530299B6F3E006F4F2E /* Error.swift in Sources */,
				BB49DED32743F04900CD26A2 /* ServiceController.swift in Sources */,
			);
			runOnlyForDeploymentPostprocessing = 0;
		};
/* End PBXSourcesBuildPhase section */

/* Begin PBXVariantGroup section */
		BB46D2BA25B856BC003AD167 /* LaunchScreen.storyboard */ = {
			isa = PBXVariantGroup;
			children = (
				BB46D2BB25B856BC003AD167 /* Base */,
			);
			name = LaunchScreen.storyboard;
			sourceTree = "<group>";
		};
/* End PBXVariantGroup section */

/* Begin XCBuildConfiguration section */
		BB46D2BE25B856BC003AD167 /* Debug */ = {
			isa = XCBuildConfiguration;
			buildSettings = {
				ALWAYS_SEARCH_USER_PATHS = NO;
				CLANG_ANALYZER_NONNULL = YES;
				CLANG_ANALYZER_NUMBER_OBJECT_CONVERSION = YES_AGGRESSIVE;
				CLANG_CXX_LANGUAGE_STANDARD = "gnu++14";
				CLANG_CXX_LIBRARY = "libc++";
				CLANG_ENABLE_MODULES = YES;
				CLANG_ENABLE_OBJC_ARC = YES;
				CLANG_ENABLE_OBJC_WEAK = YES;
				CLANG_WARN_BLOCK_CAPTURE_AUTORELEASING = YES;
				CLANG_WARN_BOOL_CONVERSION = YES;
				CLANG_WARN_COMMA = YES;
				CLANG_WARN_CONSTANT_CONVERSION = YES;
				CLANG_WARN_DEPRECATED_OBJC_IMPLEMENTATIONS = YES;
				CLANG_WARN_DIRECT_OBJC_ISA_USAGE = YES_ERROR;
				CLANG_WARN_DOCUMENTATION_COMMENTS = YES;
				CLANG_WARN_EMPTY_BODY = YES;
				CLANG_WARN_ENUM_CONVERSION = YES;
				CLANG_WARN_INFINITE_RECURSION = YES;
				CLANG_WARN_INT_CONVERSION = YES;
				CLANG_WARN_NON_LITERAL_NULL_CONVERSION = YES;
				CLANG_WARN_OBJC_IMPLICIT_RETAIN_SELF = YES;
				CLANG_WARN_OBJC_LITERAL_CONVERSION = YES;
				CLANG_WARN_OBJC_ROOT_CLASS = YES_ERROR;
				CLANG_WARN_QUOTED_INCLUDE_IN_FRAMEWORK_HEADER = YES;
				CLANG_WARN_RANGE_LOOP_ANALYSIS = YES;
				CLANG_WARN_STRICT_PROTOTYPES = YES;
				CLANG_WARN_SUSPICIOUS_MOVE = YES;
				CLANG_WARN_UNGUARDED_AVAILABILITY = YES_AGGRESSIVE;
				CLANG_WARN_UNREACHABLE_CODE = YES;
				CLANG_WARN__DUPLICATE_METHOD_MATCH = YES;
				COPY_PHASE_STRIP = NO;
				DEBUG_INFORMATION_FORMAT = dwarf;
				ENABLE_STRICT_OBJC_MSGSEND = YES;
				ENABLE_TESTABILITY = YES;
				GCC_C_LANGUAGE_STANDARD = gnu11;
				GCC_DYNAMIC_NO_PIC = NO;
				GCC_NO_COMMON_BLOCKS = YES;
				GCC_OPTIMIZATION_LEVEL = 0;
				GCC_PREPROCESSOR_DEFINITIONS = (
					"DEBUG=1",
					"$(inherited)",
				);
				GCC_WARN_64_TO_32_BIT_CONVERSION = YES;
				GCC_WARN_ABOUT_RETURN_TYPE = YES_ERROR;
				GCC_WARN_UNDECLARED_SELECTOR = YES;
				GCC_WARN_UNINITIALIZED_AUTOS = YES_AGGRESSIVE;
				GCC_WARN_UNUSED_FUNCTION = YES;
				GCC_WARN_UNUSED_VARIABLE = YES;
				IPHONEOS_DEPLOYMENT_TARGET = 14.2;
				MTL_ENABLE_DEBUG_INFO = INCLUDE_SOURCE;
				MTL_FAST_MATH = YES;
				ONLY_ACTIVE_ARCH = YES;
				SDKROOT = iphoneos;
				SWIFT_ACTIVE_COMPILATION_CONDITIONS = DEBUG;
				SWIFT_OPTIMIZATION_LEVEL = "-Onone";
			};
			name = Debug;
		};
		BB46D2BF25B856BC003AD167 /* Release */ = {
			isa = XCBuildConfiguration;
			buildSettings = {
				ALWAYS_SEARCH_USER_PATHS = NO;
				CLANG_ANALYZER_NONNULL = YES;
				CLANG_ANALYZER_NUMBER_OBJECT_CONVERSION = YES_AGGRESSIVE;
				CLANG_CXX_LANGUAGE_STANDARD = "gnu++14";
				CLANG_CXX_LIBRARY = "libc++";
				CLANG_ENABLE_MODULES = YES;
				CLANG_ENABLE_OBJC_ARC = YES;
				CLANG_ENABLE_OBJC_WEAK = YES;
				CLANG_WARN_BLOCK_CAPTURE_AUTORELEASING = YES;
				CLANG_WARN_BOOL_CONVERSION = YES;
				CLANG_WARN_COMMA = YES;
				CLANG_WARN_CONSTANT_CONVERSION = YES;
				CLANG_WARN_DEPRECATED_OBJC_IMPLEMENTATIONS = YES;
				CLANG_WARN_DIRECT_OBJC_ISA_USAGE = YES_ERROR;
				CLANG_WARN_DOCUMENTATION_COMMENTS = YES;
				CLANG_WARN_EMPTY_BODY = YES;
				CLANG_WARN_ENUM_CONVERSION = YES;
				CLANG_WARN_INFINITE_RECURSION = YES;
				CLANG_WARN_INT_CONVERSION = YES;
				CLANG_WARN_NON_LITERAL_NULL_CONVERSION = YES;
				CLANG_WARN_OBJC_IMPLICIT_RETAIN_SELF = YES;
				CLANG_WARN_OBJC_LITERAL_CONVERSION = YES;
				CLANG_WARN_OBJC_ROOT_CLASS = YES_ERROR;
				CLANG_WARN_QUOTED_INCLUDE_IN_FRAMEWORK_HEADER = YES;
				CLANG_WARN_RANGE_LOOP_ANALYSIS = YES;
				CLANG_WARN_STRICT_PROTOTYPES = YES;
				CLANG_WARN_SUSPICIOUS_MOVE = YES;
				CLANG_WARN_UNGUARDED_AVAILABILITY = YES_AGGRESSIVE;
				CLANG_WARN_UNREACHABLE_CODE = YES;
				CLANG_WARN__DUPLICATE_METHOD_MATCH = YES;
				COPY_PHASE_STRIP = NO;
				DEBUG_INFORMATION_FORMAT = "dwarf-with-dsym";
				ENABLE_NS_ASSERTIONS = NO;
				ENABLE_STRICT_OBJC_MSGSEND = YES;
				GCC_C_LANGUAGE_STANDARD = gnu11;
				GCC_NO_COMMON_BLOCKS = YES;
				GCC_WARN_64_TO_32_BIT_CONVERSION = YES;
				GCC_WARN_ABOUT_RETURN_TYPE = YES_ERROR;
				GCC_WARN_UNDECLARED_SELECTOR = YES;
				GCC_WARN_UNINITIALIZED_AUTOS = YES_AGGRESSIVE;
				GCC_WARN_UNUSED_FUNCTION = YES;
				GCC_WARN_UNUSED_VARIABLE = YES;
				IPHONEOS_DEPLOYMENT_TARGET = 14.2;
				MTL_ENABLE_DEBUG_INFO = NO;
				MTL_FAST_MATH = YES;
				SDKROOT = iphoneos;
				SWIFT_COMPILATION_MODE = wholemodule;
				SWIFT_OPTIMIZATION_LEVEL = "-O";
				VALIDATE_PRODUCT = YES;
			};
			name = Release;
		};
		BB46D2C125B856BC003AD167 /* Debug */ = {
			isa = XCBuildConfiguration;
			buildSettings = {
				ASSETCATALOG_COMPILER_APPICON_NAME = AppIcon;
				ASSETCATALOG_COMPILER_GLOBAL_ACCENT_COLOR_NAME = AccentColor;
				CODE_SIGN_STYLE = Automatic;
				DEVELOPMENT_TEAM = 4G4D5WHAZT;
				INFOPLIST_FILE = rnova/Info.plist;
				LD_RUNPATH_SEARCH_PATHS = (
					"$(inherited)",
					"@executable_path/Frameworks",
				);
				PRODUCT_BUNDLE_IDENTIFIER = local.rnova;
				PRODUCT_NAME = "$(TARGET_NAME)";
				SWIFT_VERSION = 5.0;
				TARGETED_DEVICE_FAMILY = "1,2";
			};
			name = Debug;
		};
		BB46D2C225B856BC003AD167 /* Release */ = {
			isa = XCBuildConfiguration;
			buildSettings = {
				ASSETCATALOG_COMPILER_APPICON_NAME = AppIcon;
				ASSETCATALOG_COMPILER_GLOBAL_ACCENT_COLOR_NAME = AccentColor;
				CODE_SIGN_STYLE = Automatic;
				DEVELOPMENT_TEAM = 4G4D5WHAZT;
				INFOPLIST_FILE = rnova/Info.plist;
				LD_RUNPATH_SEARCH_PATHS = (
					"$(inherited)",
					"@executable_path/Frameworks",
				);
				PRODUCT_BUNDLE_IDENTIFIER = local.rnova;
				PRODUCT_NAME = "$(TARGET_NAME)";
				SWIFT_VERSION = 5.0;
				TARGETED_DEVICE_FAMILY = "1,2";
			};
			name = Release;
		};
/* End XCBuildConfiguration section */

/* Begin XCConfigurationList section */
		BB46D2A725B856B9003AD167 /* Build configuration list for PBXProject "rnova" */ = {
			isa = XCConfigurationList;
			buildConfigurations = (
				BB46D2BE25B856BC003AD167 /* Debug */,
				BB46D2BF25B856BC003AD167 /* Release */,
			);
			defaultConfigurationIsVisible = 0;
			defaultConfigurationName = Release;
		};
		BB46D2C025B856BC003AD167 /* Build configuration list for PBXNativeTarget "rnova" */ = {
			isa = XCConfigurationList;
			buildConfigurations = (
				BB46D2C125B856BC003AD167 /* Debug */,
				BB46D2C225B856BC003AD167 /* Release */,
			);
			defaultConfigurationIsVisible = 0;
			defaultConfigurationName = Release;
		};
/* End XCConfigurationList section */

/* Begin XCVersionGroup section */
		BBD920D42670A312000073FC /* Model.xcdatamodeld */ = {
			isa = XCVersionGroup;
			children = (
				BBD920D52670A312000073FC /* Model.xcdatamodel */,
			);
			currentVersion = BBD920D52670A312000073FC /* Model.xcdatamodel */;
			path = Model.xcdatamodeld;
			sourceTree = "<group>";
			versionGroupType = wrapper.xcdatamodel;
		};
/* End XCVersionGroup section */
	};
	rootObject = BB46D2A425B856B9003AD167 /* Project object */;
}
