// !$*UTF8*$!
{
	archiveVersion = 1;
	classes = {
	};
	objectVersion = 51;
	objects = {

/* Begin PBXBuildFile section */
		182A98A483399BDEFF4E6317 /* Pods_rnova.framework in Frameworks */ = {isa = PBXBuildFile; fileRef = CEA0475F7112F150729550A7 /* Pods_rnova.framework */; };
		BB46D2B025B856B9003AD167 /* AppDelegate.swift in Sources */ = {isa = PBXBuildFile; fileRef = BB46D2AF25B856B9003AD167 /* AppDelegate.swift */; };
		BB46D2B225B856B9003AD167 /* SceneDelegate.swift in Sources */ = {isa = PBXBuildFile; fileRef = BB46D2B125B856B9003AD167 /* SceneDelegate.swift */; };
		BB46D2B425B856B9003AD167 /* ViewController.swift in Sources */ = {isa = PBXBuildFile; fileRef = BB46D2B325B856B9003AD167 /* ViewController.swift */; };
		BB46D2B725B856B9003AD167 /* Main.storyboard in Resources */ = {isa = PBXBuildFile; fileRef = BB46D2B525B856B9003AD167 /* Main.storyboard */; };
		BB46D2B925B856BC003AD167 /* Assets.xcassets in Resources */ = {isa = PBXBuildFile; fileRef = BB46D2B825B856BC003AD167 /* Assets.xcassets */; };
		BB46D2BC25B856BC003AD167 /* LaunchScreen.storyboard in Resources */ = {isa = PBXBuildFile; fileRef = BB46D2BA25B856BC003AD167 /* LaunchScreen.storyboard */; };
		BB4C554B25F0D5C600A616D6 /* SpecialtyChoiceViewController.swift in Sources */ = {isa = PBXBuildFile; fileRef = BB4C554A25F0D5C600A616D6 /* SpecialtyChoiceViewController.swift */; };
		BB7CDE5B25D16E96007B1B1A /* DetailViewController.swift in Sources */ = {isa = PBXBuildFile; fileRef = BB7CDE5A25D16E96007B1B1A /* DetailViewController.swift */; };
		BBA245B9260BA14900BF12E7 /* ServicesCell.swift in Sources */ = {isa = PBXBuildFile; fileRef = BBA245B7260BA14900BF12E7 /* ServicesCell.swift */; };
		BBA245BA260BA14900BF12E7 /* ServicesCell.xib in Resources */ = {isa = PBXBuildFile; fileRef = BBA245B8260BA14900BF12E7 /* ServicesCell.xib */; };
		BBB5B1F825EE7C3C00A33761 /* DoctorChoiceViewController.swift in Sources */ = {isa = PBXBuildFile; fileRef = BBB5B1F725EE7C3C00A33761 /* DoctorChoiceViewController.swift */; };
		BBCE6CD825D6AA8100CC8598 /* OldViewController.swift in Sources */ = {isa = PBXBuildFile; fileRef = BBCE6CD725D6AA8100CC8598 /* OldViewController.swift */; };
		BBCE6CDF25DA702700CC8598 /* ParserViewController.swift in Sources */ = {isa = PBXBuildFile; fileRef = BBCE6CDE25DA702700CC8598 /* ParserViewController.swift */; };
		BBCE6CE425DFA88A00CC8598 /* DoctorViewController.swift in Sources */ = {isa = PBXBuildFile; fileRef = BBCE6CE325DFA88900CC8598 /* DoctorViewController.swift */; };
		BBCE6CE725DFA8B200CC8598 /* SpecialtyViewController.swift in Sources */ = {isa = PBXBuildFile; fileRef = BBCE6CE625DFA8B200CC8598 /* SpecialtyViewController.swift */; };
		BBCE6CFA25E672B700CC8598 /* RecordCollectionViewCell.swift in Sources */ = {isa = PBXBuildFile; fileRef = BBCE6CF825E672B700CC8598 /* RecordCollectionViewCell.swift */; };
		BBCE6CFB25E672B700CC8598 /* RecordCollectionViewCell.xib in Resources */ = {isa = PBXBuildFile; fileRef = BBCE6CF925E672B700CC8598 /* RecordCollectionViewCell.xib */; };
		BBCE6D0625E8F62100CC8598 /* SubViewController.swift in Sources */ = {isa = PBXBuildFile; fileRef = BBCE6D0525E8F62100CC8598 /* SubViewController.swift */; };
		BBD2E8A125B9686400A8D092 /* ClinicViewController.swift in Sources */ = {isa = PBXBuildFile; fileRef = BBD2E8A025B9686400A8D092 /* ClinicViewController.swift */; };
		BBD2E8A425B9B6F900A8D092 /* ServicesViewController.swift in Sources */ = {isa = PBXBuildFile; fileRef = BBD2E8A325B9B6F900A8D092 /* ServicesViewController.swift */; };
		BBD2E8A725BAB37E00A8D092 /* ProfileViewController.swift in Sources */ = {isa = PBXBuildFile; fileRef = BBD2E8A625BAB37E00A8D092 /* ProfileViewController.swift */; };
		BBD2E8B425BAECFB00A8D092 /* SelfDataViewController.swift in Sources */ = {isa = PBXBuildFile; fileRef = BBD2E8B325BAECFB00A8D092 /* SelfDataViewController.swift */; };
		BBD2E8B725BB0CDA00A8D092 /* VisitViewController.swift in Sources */ = {isa = PBXBuildFile; fileRef = BBD2E8B625BB0CDA00A8D092 /* VisitViewController.swift */; };
		BBD2E8BD25BEAB9100A8D092 /* ExitViewController.swift in Sources */ = {isa = PBXBuildFile; fileRef = BBD2E8BC25BEAB9100A8D092 /* ExitViewController.swift */; };
		BBD2E8C225BFF77000A8D092 /* Parser.swift in Sources */ = {isa = PBXBuildFile; fileRef = BBD2E8C125BFF77000A8D092 /* Parser.swift */; };
		BBD2E8C525C0045800A8D092 /* file.json in Resources */ = {isa = PBXBuildFile; fileRef = BBD2E8C425C0045800A8D092 /* file.json */; };
		BBF8AD6825C8200E009CD35D /* DataLoader.swift in Sources */ = {isa = PBXBuildFile; fileRef = BBF8AD6725C8200E009CD35D /* DataLoader.swift */; };
		BBF8AD6B25C9B9E0009CD35D /* SubServicesViewController.swift in Sources */ = {isa = PBXBuildFile; fileRef = BBF8AD6A25C9B9E0009CD35D /* SubServicesViewController.swift */; };
/* End PBXBuildFile section */

/* Begin PBXFileReference section */
		3231784F51AEC18CFC3EF17F /* Pods-rnova.release.xcconfig */ = {isa = PBXFileReference; includeInIndex = 1; lastKnownFileType = text.xcconfig; name = "Pods-rnova.release.xcconfig"; path = "Target Support Files/Pods-rnova/Pods-rnova.release.xcconfig"; sourceTree = "<group>"; };
		BB46D2AC25B856B9003AD167 /* rnova.app */ = {isa = PBXFileReference; explicitFileType = wrapper.application; includeInIndex = 0; path = rnova.app; sourceTree = BUILT_PRODUCTS_DIR; };
		BB46D2AF25B856B9003AD167 /* AppDelegate.swift */ = {isa = PBXFileReference; lastKnownFileType = sourcecode.swift; path = AppDelegate.swift; sourceTree = "<group>"; };
		BB46D2B125B856B9003AD167 /* SceneDelegate.swift */ = {isa = PBXFileReference; lastKnownFileType = sourcecode.swift; path = SceneDelegate.swift; sourceTree = "<group>"; };
		BB46D2B325B856B9003AD167 /* ViewController.swift */ = {isa = PBXFileReference; lastKnownFileType = sourcecode.swift; path = ViewController.swift; sourceTree = "<group>"; };
		BB46D2B625B856B9003AD167 /* Base */ = {isa = PBXFileReference; lastKnownFileType = file.storyboard; name = Base; path = Base.lproj/Main.storyboard; sourceTree = "<group>"; };
		BB46D2B825B856BC003AD167 /* Assets.xcassets */ = {isa = PBXFileReference; lastKnownFileType = folder.assetcatalog; path = Assets.xcassets; sourceTree = "<group>"; };
		BB46D2BB25B856BC003AD167 /* Base */ = {isa = PBXFileReference; lastKnownFileType = file.storyboard; name = Base; path = Base.lproj/LaunchScreen.storyboard; sourceTree = "<group>"; };
		BB46D2BD25B856BC003AD167 /* Info.plist */ = {isa = PBXFileReference; lastKnownFileType = text.plist.xml; path = Info.plist; sourceTree = "<group>"; };
		BB4C554A25F0D5C600A616D6 /* SpecialtyChoiceViewController.swift */ = {isa = PBXFileReference; lastKnownFileType = sourcecode.swift; path = SpecialtyChoiceViewController.swift; sourceTree = "<group>"; };
		BB7CDE5A25D16E96007B1B1A /* DetailViewController.swift */ = {isa = PBXFileReference; lastKnownFileType = sourcecode.swift; path = DetailViewController.swift; sourceTree = "<group>"; };
		BBA245B7260BA14900BF12E7 /* ServicesCell.swift */ = {isa = PBXFileReference; lastKnownFileType = sourcecode.swift; path = ServicesCell.swift; sourceTree = "<group>"; };
		BBA245B8260BA14900BF12E7 /* ServicesCell.xib */ = {isa = PBXFileReference; lastKnownFileType = file.xib; path = ServicesCell.xib; sourceTree = "<group>"; };
		BBB5B1F725EE7C3C00A33761 /* DoctorChoiceViewController.swift */ = {isa = PBXFileReference; lastKnownFileType = sourcecode.swift; path = DoctorChoiceViewController.swift; sourceTree = "<group>"; };
		BBCE6CD725D6AA8100CC8598 /* OldViewController.swift */ = {isa = PBXFileReference; lastKnownFileType = sourcecode.swift; path = OldViewController.swift; sourceTree = "<group>"; };
		BBCE6CDE25DA702700CC8598 /* ParserViewController.swift */ = {isa = PBXFileReference; lastKnownFileType = sourcecode.swift; path = ParserViewController.swift; sourceTree = "<group>"; };
		BBCE6CE325DFA88900CC8598 /* DoctorViewController.swift */ = {isa = PBXFileReference; lastKnownFileType = sourcecode.swift; path = DoctorViewController.swift; sourceTree = "<group>"; };
		BBCE6CE625DFA8B200CC8598 /* SpecialtyViewController.swift */ = {isa = PBXFileReference; lastKnownFileType = sourcecode.swift; path = SpecialtyViewController.swift; sourceTree = "<group>"; };
		BBCE6CF825E672B700CC8598 /* RecordCollectionViewCell.swift */ = {isa = PBXFileReference; lastKnownFileType = sourcecode.swift; path = RecordCollectionViewCell.swift; sourceTree = "<group>"; };
		BBCE6CF925E672B700CC8598 /* RecordCollectionViewCell.xib */ = {isa = PBXFileReference; lastKnownFileType = file.xib; path = RecordCollectionViewCell.xib; sourceTree = "<group>"; };
		BBCE6D0525E8F62100CC8598 /* SubViewController.swift */ = {isa = PBXFileReference; lastKnownFileType = sourcecode.swift; path = SubViewController.swift; sourceTree = "<group>"; };
		BBD2E8A025B9686400A8D092 /* ClinicViewController.swift */ = {isa = PBXFileReference; lastKnownFileType = sourcecode.swift; path = ClinicViewController.swift; sourceTree = "<group>"; };
		BBD2E8A325B9B6F900A8D092 /* ServicesViewController.swift */ = {isa = PBXFileReference; lastKnownFileType = sourcecode.swift; path = ServicesViewController.swift; sourceTree = "<group>"; };
		BBD2E8A625BAB37E00A8D092 /* ProfileViewController.swift */ = {isa = PBXFileReference; lastKnownFileType = sourcecode.swift; path = ProfileViewController.swift; sourceTree = "<group>"; };
		BBD2E8B325BAECFB00A8D092 /* SelfDataViewController.swift */ = {isa = PBXFileReference; lastKnownFileType = sourcecode.swift; path = SelfDataViewController.swift; sourceTree = "<group>"; };
		BBD2E8B625BB0CDA00A8D092 /* VisitViewController.swift */ = {isa = PBXFileReference; lastKnownFileType = sourcecode.swift; path = VisitViewController.swift; sourceTree = "<group>"; };
		BBD2E8BC25BEAB9100A8D092 /* ExitViewController.swift */ = {isa = PBXFileReference; lastKnownFileType = sourcecode.swift; path = ExitViewController.swift; sourceTree = "<group>"; };
		BBD2E8C125BFF77000A8D092 /* Parser.swift */ = {isa = PBXFileReference; lastKnownFileType = sourcecode.swift; path = Parser.swift; sourceTree = "<group>"; };
		BBD2E8C425C0045800A8D092 /* file.json */ = {isa = PBXFileReference; lastKnownFileType = text.json; path = file.json; sourceTree = "<group>"; };
		BBDB24C03A7147C4A5E52818 /* Pods-rnova.debug.xcconfig */ = {isa = PBXFileReference; includeInIndex = 1; lastKnownFileType = text.xcconfig; name = "Pods-rnova.debug.xcconfig"; path = "Target Support Files/Pods-rnova/Pods-rnova.debug.xcconfig"; sourceTree = "<group>"; };
		BBF8AD6725C8200E009CD35D /* DataLoader.swift */ = {isa = PBXFileReference; lastKnownFileType = sourcecode.swift; path = DataLoader.swift; sourceTree = "<group>"; };
		BBF8AD6A25C9B9E0009CD35D /* SubServicesViewController.swift */ = {isa = PBXFileReference; lastKnownFileType = sourcecode.swift; path = SubServicesViewController.swift; sourceTree = "<group>"; };
		CEA0475F7112F150729550A7 /* Pods_rnova.framework */ = {isa = PBXFileReference; explicitFileType = wrapper.framework; includeInIndex = 0; path = Pods_rnova.framework; sourceTree = BUILT_PRODUCTS_DIR; };
/* End PBXFileReference section */

/* Begin PBXFrameworksBuildPhase section */
		BB46D2A925B856B9003AD167 /* Frameworks */ = {
			isa = PBXFrameworksBuildPhase;
			buildActionMask = 2147483647;
			files = (
				182A98A483399BDEFF4E6317 /* Pods_rnova.framework in Frameworks */,
			);
			runOnlyForDeploymentPostprocessing = 0;
		};
/* End PBXFrameworksBuildPhase section */

/* Begin PBXGroup section */
		5D5AAEC7B4ECC75046E9C552 /* Frameworks */ = {
			isa = PBXGroup;
			children = (
				CEA0475F7112F150729550A7 /* Pods_rnova.framework */,
			);
			name = Frameworks;
			sourceTree = "<group>";
		};
		9568AA022936D4FE3102FA6A /* Pods */ = {
			isa = PBXGroup;
			children = (
				BBDB24C03A7147C4A5E52818 /* Pods-rnova.debug.xcconfig */,
				3231784F51AEC18CFC3EF17F /* Pods-rnova.release.xcconfig */,
			);
			path = Pods;
			sourceTree = "<group>";
		};
		BB46D2A325B856B9003AD167 = {
			isa = PBXGroup;
			children = (
				BB46D2AE25B856B9003AD167 /* rnova */,
				BB46D2AD25B856B9003AD167 /* Products */,
				9568AA022936D4FE3102FA6A /* Pods */,
				5D5AAEC7B4ECC75046E9C552 /* Frameworks */,
			);
			sourceTree = "<group>";
		};
		BB46D2AD25B856B9003AD167 /* Products */ = {
			isa = PBXGroup;
			children = (
				BB46D2AC25B856B9003AD167 /* rnova.app */,
			);
			name = Products;
			sourceTree = "<group>";
		};
		BB46D2AE25B856B9003AD167 /* rnova */ = {
			isa = PBXGroup;
			children = (
				BB46D2AF25B856B9003AD167 /* AppDelegate.swift */,
				BBCE6CD725D6AA8100CC8598 /* OldViewController.swift */,
				BB7CDE5A25D16E96007B1B1A /* DetailViewController.swift */,
				BBD2E8C425C0045800A8D092 /* file.json */,
				BBD2E8C125BFF77000A8D092 /* Parser.swift */,
				BBF8AD6725C8200E009CD35D /* DataLoader.swift */,
				BBCE6CDE25DA702700CC8598 /* ParserViewController.swift */,
				BB46D2B125B856B9003AD167 /* SceneDelegate.swift */,
				BBCE6CFE25E7A30500CC8598 /* Record */,
				BBCE6CE325DFA88900CC8598 /* DoctorViewController.swift */,
				BBCE6CE625DFA8B200CC8598 /* SpecialtyViewController.swift */,
				BB46D2B525B856B9003AD167 /* Main.storyboard */,
				BB46D2B825B856BC003AD167 /* Assets.xcassets */,
				BB46D2BA25B856BC003AD167 /* LaunchScreen.storyboard */,
				BB46D2BD25B856BC003AD167 /* Info.plist */,
				BBD2E8A025B9686400A8D092 /* ClinicViewController.swift */,
				BBCE6D0025E7A92300CC8598 /* Service */,
				BBD2E8BF25BEABDB00A8D092 /* ProfileViewController */,
			);
			path = rnova;
			sourceTree = "<group>";
		};
		BBCE6CFE25E7A30500CC8598 /* Record */ = {
			isa = PBXGroup;
			children = (
				BB46D2B325B856B9003AD167 /* ViewController.swift */,
				BBCE6D0525E8F62100CC8598 /* SubViewController.swift */,
				BBB5B1F725EE7C3C00A33761 /* DoctorChoiceViewController.swift */,
				BB4C554A25F0D5C600A616D6 /* SpecialtyChoiceViewController.swift */,
				BBCE6CF825E672B700CC8598 /* RecordCollectionViewCell.swift */,
				BBCE6CF925E672B700CC8598 /* RecordCollectionViewCell.xib */,
			);
			path = Record;
			sourceTree = "<group>";
		};
		BBCE6D0025E7A92300CC8598 /* Service */ = {
			isa = PBXGroup;
			children = (
				BBD2E8A325B9B6F900A8D092 /* ServicesViewController.swift */,
				BBA245B7260BA14900BF12E7 /* ServicesCell.swift */,
				BBA245B8260BA14900BF12E7 /* ServicesCell.xib */,
				BBF8AD6A25C9B9E0009CD35D /* SubServicesViewController.swift */,
			);
			path = Service;
			sourceTree = "<group>";
		};
		BBD2E8BF25BEABDB00A8D092 /* ProfileViewController */ = {
			isa = PBXGroup;
			children = (
				BBD2E8A625BAB37E00A8D092 /* ProfileViewController.swift */,
				BBD2E8B625BB0CDA00A8D092 /* VisitViewController.swift */,
				BBD2E8B325BAECFB00A8D092 /* SelfDataViewController.swift */,
				BBD2E8BC25BEAB9100A8D092 /* ExitViewController.swift */,
			);
			path = ProfileViewController;
			sourceTree = "<group>";
		};
/* End PBXGroup section */

/* Begin PBXNativeTarget section */
		BB46D2AB25B856B9003AD167 /* rnova */ = {
			isa = PBXNativeTarget;
			buildConfigurationList = BB46D2C025B856BC003AD167 /* Build configuration list for PBXNativeTarget "rnova" */;
			buildPhases = (
				DFF137E128C32F790BBA6CA4 /* [CP] Check Pods Manifest.lock */,
				BB46D2A825B856B9003AD167 /* Sources */,
				BB46D2A925B856B9003AD167 /* Frameworks */,
				BB46D2AA25B856B9003AD167 /* Resources */,
				23C80358F6311242F408D123 /* [CP] Embed Pods Frameworks */,
			);
			buildRules = (
			);
			dependencies = (
			);
			name = rnova;
			productName = rnova;
			productReference = BB46D2AC25B856B9003AD167 /* rnova.app */;
			productType = "com.apple.product-type.application";
		};
/* End PBXNativeTarget section */

/* Begin PBXProject section */
		BB46D2A425B856B9003AD167 /* Project object */ = {
			isa = PBXProject;
			attributes = {
				LastSwiftUpdateCheck = 1220;
				LastUpgradeCheck = 1220;
				TargetAttributes = {
					BB46D2AB25B856B9003AD167 = {
						CreatedOnToolsVersion = 12.2;
					};
				};
			};
			buildConfigurationList = BB46D2A725B856B9003AD167 /* Build configuration list for PBXProject "rnova" */;
			compatibilityVersion = "Xcode 9.3";
			developmentRegion = en;
			hasScannedForEncodings = 0;
			knownRegions = (
				en,
				Base,
			);
			mainGroup = BB46D2A325B856B9003AD167;
			productRefGroup = BB46D2AD25B856B9003AD167 /* Products */;
			projectDirPath = "";
			projectRoot = "";
			targets = (
				BB46D2AB25B856B9003AD167 /* rnova */,
			);
		};
/* End PBXProject section */

/* Begin PBXResourcesBuildPhase section */
		BB46D2AA25B856B9003AD167 /* Resources */ = {
			isa = PBXResourcesBuildPhase;
			buildActionMask = 2147483647;
			files = (
				BB46D2BC25B856BC003AD167 /* LaunchScreen.storyboard in Resources */,
				BBD2E8C525C0045800A8D092 /* file.json in Resources */,
				BB46D2B925B856BC003AD167 /* Assets.xcassets in Resources */,
				BB46D2B725B856B9003AD167 /* Main.storyboard in Resources */,
				BBCE6CFB25E672B700CC8598 /* RecordCollectionViewCell.xib in Resources */,
				BBA245BA260BA14900BF12E7 /* ServicesCell.xib in Resources */,
			);
			runOnlyForDeploymentPostprocessing = 0;
		};
/* End PBXResourcesBuildPhase section */

/* Begin PBXShellScriptBuildPhase section */
		23C80358F6311242F408D123 /* [CP] Embed Pods Frameworks */ = {
			isa = PBXShellScriptBuildPhase;
			buildActionMask = 2147483647;
			files = (
			);
			inputFileListPaths = (
				"${PODS_ROOT}/Target Support Files/Pods-rnova/Pods-rnova-frameworks-${CONFIGURATION}-input-files.xcfilelist",
			);
			name = "[CP] Embed Pods Frameworks";
			outputFileListPaths = (
				"${PODS_ROOT}/Target Support Files/Pods-rnova/Pods-rnova-frameworks-${CONFIGURATION}-output-files.xcfilelist",
			);
			runOnlyForDeploymentPostprocessing = 0;
			shellPath = /bin/sh;
			shellScript = "\"${PODS_ROOT}/Target Support Files/Pods-rnova/Pods-rnova-frameworks.sh\"\n";
			showEnvVarsInLog = 0;
		};
		DFF137E128C32F790BBA6CA4 /* [CP] Check Pods Manifest.lock */ = {
			isa = PBXShellScriptBuildPhase;
			buildActionMask = 2147483647;
			files = (
			);
			inputFileListPaths = (
			);
			inputPaths = (
				"${PODS_PODFILE_DIR_PATH}/Podfile.lock",
				"${PODS_ROOT}/Manifest.lock",
			);
			name = "[CP] Check Pods Manifest.lock";
			outputFileListPaths = (
			);
			outputPaths = (
				"$(DERIVED_FILE_DIR)/Pods-rnova-checkManifestLockResult.txt",
			);
			runOnlyForDeploymentPostprocessing = 0;
			shellPath = /bin/sh;
			shellScript = "diff \"${PODS_PODFILE_DIR_PATH}/Podfile.lock\" \"${PODS_ROOT}/Manifest.lock\" > /dev/null\nif [ $? != 0 ] ; then\n    # print error to STDERR\n    echo \"error: The sandbox is not in sync with the Podfile.lock. Run 'pod install' or update your CocoaPods installation.\" >&2\n    exit 1\nfi\n# This output is used by Xcode 'outputs' to avoid re-running this script phase.\necho \"SUCCESS\" > \"${SCRIPT_OUTPUT_FILE_0}\"\n";
			showEnvVarsInLog = 0;
		};
/* End PBXShellScriptBuildPhase section */

/* Begin PBXSourcesBuildPhase section */
		BB46D2A825B856B9003AD167 /* Sources */ = {
			isa = PBXSourcesBuildPhase;
			buildActionMask = 2147483647;
			files = (
				BBB5B1F825EE7C3C00A33761 /* DoctorChoiceViewController.swift in Sources */,
				BBD2E8A725BAB37E00A8D092 /* ProfileViewController.swift in Sources */,
				BBCE6CDF25DA702700CC8598 /* ParserViewController.swift in Sources */,
				BB4C554B25F0D5C600A616D6 /* SpecialtyChoiceViewController.swift in Sources */,
				BBD2E8C225BFF77000A8D092 /* Parser.swift in Sources */,
				BB46D2B425B856B9003AD167 /* ViewController.swift in Sources */,
				BB46D2B025B856B9003AD167 /* AppDelegate.swift in Sources */,
				BBD2E8B725BB0CDA00A8D092 /* VisitViewController.swift in Sources */,
				BBCE6D0625E8F62100CC8598 /* SubViewController.swift in Sources */,
				BBCE6CFA25E672B700CC8598 /* RecordCollectionViewCell.swift in Sources */,
				BBCE6CE725DFA8B200CC8598 /* SpecialtyViewController.swift in Sources */,
				BBD2E8A125B9686400A8D092 /* ClinicViewController.swift in Sources */,
				BBF8AD6B25C9B9E0009CD35D /* SubServicesViewController.swift in Sources */,
				BBCE6CD825D6AA8100CC8598 /* OldViewController.swift in Sources */,
				BBD2E8BD25BEAB9100A8D092 /* ExitViewController.swift in Sources */,
				BBA245B9260BA14900BF12E7 /* ServicesCell.swift in Sources */,
				BBCE6CE425DFA88A00CC8598 /* DoctorViewController.swift in Sources */,
				BBF8AD6825C8200E009CD35D /* DataLoader.swift in Sources */,
				BBD2E8B425BAECFB00A8D092 /* SelfDataViewController.swift in Sources */,
				BBD2E8A425B9B6F900A8D092 /* ServicesViewController.swift in Sources */,
				BB46D2B225B856B9003AD167 /* SceneDelegate.swift in Sources */,
				BB7CDE5B25D16E96007B1B1A /* DetailViewController.swift in Sources */,
			);
			runOnlyForDeploymentPostprocessing = 0;
		};
/* End PBXSourcesBuildPhase section */

/* Begin PBXVariantGroup section */
		BB46D2B525B856B9003AD167 /* Main.storyboard */ = {
			isa = PBXVariantGroup;
			children = (
				BB46D2B625B856B9003AD167 /* Base */,
			);
			name = Main.storyboard;
			sourceTree = "<group>";
		};
		BB46D2BA25B856BC003AD167 /* LaunchScreen.storyboard */ = {
			isa = PBXVariantGroup;
			children = (
				BB46D2BB25B856BC003AD167 /* Base */,
			);
			name = LaunchScreen.storyboard;
			sourceTree = "<group>";
		};
/* End PBXVariantGroup section */

/* Begin XCBuildConfiguration section */
		BB46D2BE25B856BC003AD167 /* Debug */ = {
			isa = XCBuildConfiguration;
			buildSettings = {
				ALWAYS_SEARCH_USER_PATHS = NO;
				CLANG_ANALYZER_NONNULL = YES;
				CLANG_ANALYZER_NUMBER_OBJECT_CONVERSION = YES_AGGRESSIVE;
				CLANG_CXX_LANGUAGE_STANDARD = "gnu++14";
				CLANG_CXX_LIBRARY = "libc++";
				CLANG_ENABLE_MODULES = YES;
				CLANG_ENABLE_OBJC_ARC = YES;
				CLANG_ENABLE_OBJC_WEAK = YES;
				CLANG_WARN_BLOCK_CAPTURE_AUTORELEASING = YES;
				CLANG_WARN_BOOL_CONVERSION = YES;
				CLANG_WARN_COMMA = YES;
				CLANG_WARN_CONSTANT_CONVERSION = YES;
				CLANG_WARN_DEPRECATED_OBJC_IMPLEMENTATIONS = YES;
				CLANG_WARN_DIRECT_OBJC_ISA_USAGE = YES_ERROR;
				CLANG_WARN_DOCUMENTATION_COMMENTS = YES;
				CLANG_WARN_EMPTY_BODY = YES;
				CLANG_WARN_ENUM_CONVERSION = YES;
				CLANG_WARN_INFINITE_RECURSION = YES;
				CLANG_WARN_INT_CONVERSION = YES;
				CLANG_WARN_NON_LITERAL_NULL_CONVERSION = YES;
				CLANG_WARN_OBJC_IMPLICIT_RETAIN_SELF = YES;
				CLANG_WARN_OBJC_LITERAL_CONVERSION = YES;
				CLANG_WARN_OBJC_ROOT_CLASS = YES_ERROR;
				CLANG_WARN_QUOTED_INCLUDE_IN_FRAMEWORK_HEADER = YES;
				CLANG_WARN_RANGE_LOOP_ANALYSIS = YES;
				CLANG_WARN_STRICT_PROTOTYPES = YES;
				CLANG_WARN_SUSPICIOUS_MOVE = YES;
				CLANG_WARN_UNGUARDED_AVAILABILITY = YES_AGGRESSIVE;
				CLANG_WARN_UNREACHABLE_CODE = YES;
				CLANG_WARN__DUPLICATE_METHOD_MATCH = YES;
				COPY_PHASE_STRIP = NO;
				DEBUG_INFORMATION_FORMAT = dwarf;
				ENABLE_STRICT_OBJC_MSGSEND = YES;
				ENABLE_TESTABILITY = YES;
				GCC_C_LANGUAGE_STANDARD = gnu11;
				GCC_DYNAMIC_NO_PIC = NO;
				GCC_NO_COMMON_BLOCKS = YES;
				GCC_OPTIMIZATION_LEVEL = 0;
				GCC_PREPROCESSOR_DEFINITIONS = (
					"DEBUG=1",
					"$(inherited)",
				);
				GCC_WARN_64_TO_32_BIT_CONVERSION = YES;
				GCC_WARN_ABOUT_RETURN_TYPE = YES_ERROR;
				GCC_WARN_UNDECLARED_SELECTOR = YES;
				GCC_WARN_UNINITIALIZED_AUTOS = YES_AGGRESSIVE;
				GCC_WARN_UNUSED_FUNCTION = YES;
				GCC_WARN_UNUSED_VARIABLE = YES;
				IPHONEOS_DEPLOYMENT_TARGET = 14.2;
				MTL_ENABLE_DEBUG_INFO = INCLUDE_SOURCE;
				MTL_FAST_MATH = YES;
				ONLY_ACTIVE_ARCH = YES;
				SDKROOT = iphoneos;
				SWIFT_ACTIVE_COMPILATION_CONDITIONS = DEBUG;
				SWIFT_OPTIMIZATION_LEVEL = "-Onone";
			};
			name = Debug;
		};
		BB46D2BF25B856BC003AD167 /* Release */ = {
			isa = XCBuildConfiguration;
			buildSettings = {
				ALWAYS_SEARCH_USER_PATHS = NO;
				CLANG_ANALYZER_NONNULL = YES;
				CLANG_ANALYZER_NUMBER_OBJECT_CONVERSION = YES_AGGRESSIVE;
				CLANG_CXX_LANGUAGE_STANDARD = "gnu++14";
				CLANG_CXX_LIBRARY = "libc++";
				CLANG_ENABLE_MODULES = YES;
				CLANG_ENABLE_OBJC_ARC = YES;
				CLANG_ENABLE_OBJC_WEAK = YES;
				CLANG_WARN_BLOCK_CAPTURE_AUTORELEASING = YES;
				CLANG_WARN_BOOL_CONVERSION = YES;
				CLANG_WARN_COMMA = YES;
				CLANG_WARN_CONSTANT_CONVERSION = YES;
				CLANG_WARN_DEPRECATED_OBJC_IMPLEMENTATIONS = YES;
				CLANG_WARN_DIRECT_OBJC_ISA_USAGE = YES_ERROR;
				CLANG_WARN_DOCUMENTATION_COMMENTS = YES;
				CLANG_WARN_EMPTY_BODY = YES;
				CLANG_WARN_ENUM_CONVERSION = YES;
				CLANG_WARN_INFINITE_RECURSION = YES;
				CLANG_WARN_INT_CONVERSION = YES;
				CLANG_WARN_NON_LITERAL_NULL_CONVERSION = YES;
				CLANG_WARN_OBJC_IMPLICIT_RETAIN_SELF = YES;
				CLANG_WARN_OBJC_LITERAL_CONVERSION = YES;
				CLANG_WARN_OBJC_ROOT_CLASS = YES_ERROR;
				CLANG_WARN_QUOTED_INCLUDE_IN_FRAMEWORK_HEADER = YES;
				CLANG_WARN_RANGE_LOOP_ANALYSIS = YES;
				CLANG_WARN_STRICT_PROTOTYPES = YES;
				CLANG_WARN_SUSPICIOUS_MOVE = YES;
				CLANG_WARN_UNGUARDED_AVAILABILITY = YES_AGGRESSIVE;
				CLANG_WARN_UNREACHABLE_CODE = YES;
				CLANG_WARN__DUPLICATE_METHOD_MATCH = YES;
				COPY_PHASE_STRIP = NO;
				DEBUG_INFORMATION_FORMAT = "dwarf-with-dsym";
				ENABLE_NS_ASSERTIONS = NO;
				ENABLE_STRICT_OBJC_MSGSEND = YES;
				GCC_C_LANGUAGE_STANDARD = gnu11;
				GCC_NO_COMMON_BLOCKS = YES;
				GCC_WARN_64_TO_32_BIT_CONVERSION = YES;
				GCC_WARN_ABOUT_RETURN_TYPE = YES_ERROR;
				GCC_WARN_UNDECLARED_SELECTOR = YES;
				GCC_WARN_UNINITIALIZED_AUTOS = YES_AGGRESSIVE;
				GCC_WARN_UNUSED_FUNCTION = YES;
				GCC_WARN_UNUSED_VARIABLE = YES;
				IPHONEOS_DEPLOYMENT_TARGET = 14.2;
				MTL_ENABLE_DEBUG_INFO = NO;
				MTL_FAST_MATH = YES;
				SDKROOT = iphoneos;
				SWIFT_COMPILATION_MODE = wholemodule;
				SWIFT_OPTIMIZATION_LEVEL = "-O";
				VALIDATE_PRODUCT = YES;
			};
			name = Release;
		};
		BB46D2C125B856BC003AD167 /* Debug */ = {
			isa = XCBuildConfiguration;
			baseConfigurationReference = BBDB24C03A7147C4A5E52818 /* Pods-rnova.debug.xcconfig */;
			buildSettings = {
				ASSETCATALOG_COMPILER_APPICON_NAME = AppIcon;
				ASSETCATALOG_COMPILER_GLOBAL_ACCENT_COLOR_NAME = AccentColor;
				CODE_SIGN_STYLE = Automatic;
				DEVELOPMENT_TEAM = 4G4D5WHAZT;
				INFOPLIST_FILE = rnova/Info.plist;
				LD_RUNPATH_SEARCH_PATHS = (
					"$(inherited)",
					"@executable_path/Frameworks",
				);
				PRODUCT_BUNDLE_IDENTIFIER = local.rnova;
				PRODUCT_NAME = "$(TARGET_NAME)";
				SWIFT_VERSION = 5.0;
				TARGETED_DEVICE_FAMILY = "1,2";
			};
			name = Debug;
		};
		BB46D2C225B856BC003AD167 /* Release */ = {
			isa = XCBuildConfiguration;
			baseConfigurationReference = 3231784F51AEC18CFC3EF17F /* Pods-rnova.release.xcconfig */;
			buildSettings = {
				ASSETCATALOG_COMPILER_APPICON_NAME = AppIcon;
				ASSETCATALOG_COMPILER_GLOBAL_ACCENT_COLOR_NAME = AccentColor;
				CODE_SIGN_STYLE = Automatic;
				DEVELOPMENT_TEAM = 4G4D5WHAZT;
				INFOPLIST_FILE = rnova/Info.plist;
				LD_RUNPATH_SEARCH_PATHS = (
					"$(inherited)",
					"@executable_path/Frameworks",
				);
				PRODUCT_BUNDLE_IDENTIFIER = local.rnova;
				PRODUCT_NAME = "$(TARGET_NAME)";
				SWIFT_VERSION = 5.0;
				TARGETED_DEVICE_FAMILY = "1,2";
			};
			name = Release;
		};
/* End XCBuildConfiguration section */

/* Begin XCConfigurationList section */
		BB46D2A725B856B9003AD167 /* Build configuration list for PBXProject "rnova" */ = {
			isa = XCConfigurationList;
			buildConfigurations = (
				BB46D2BE25B856BC003AD167 /* Debug */,
				BB46D2BF25B856BC003AD167 /* Release */,
			);
			defaultConfigurationIsVisible = 0;
			defaultConfigurationName = Release;
		};
		BB46D2C025B856BC003AD167 /* Build configuration list for PBXNativeTarget "rnova" */ = {
			isa = XCConfigurationList;
			buildConfigurations = (
				BB46D2C125B856BC003AD167 /* Debug */,
				BB46D2C225B856BC003AD167 /* Release */,
			);
			defaultConfigurationIsVisible = 0;
			defaultConfigurationName = Release;
		};
/* End XCConfigurationList section */
	};
	rootObject = BB46D2A425B856B9003AD167 /* Project object */;
}
